
Microsoft Visual Studio Solution File, Format Version 12.00
# Visual Studio 15
VisualStudioVersion = 15.0.28307.136
MinimumVisualStudioVersion = 10.0.40219.1
Project("{FAE04EC0-301F-11D3-BF4B-00C04F79EFBC}") = "Average Ten", "Average Ten\Average Ten.csproj", "{8C508BA1-7085-4D34-ACA2-A61D29B0BDC4}"
EndProject
Global
	GlobalSection(SolutionConfigurationPlatforms) = preSolution
		Debug|Any CPU = Debug|Any CPU
		Release|Any CPU = Release|Any CPU
	EndGlobalSection
	GlobalSection(ProjectConfigurationPlatforms) = postSolution
		{8C508BA1-7085-4D34-ACA2-A61D29B0BDC4}.Debug|Any CPU.ActiveCfg = Debug|Any CPU
		{8C508BA1-7085-4D34-ACA2-A61D29B0BDC4}.Debug|Any CPU.Build.0 = Debug|Any CPU
		{8C508BA1-7085-4D34-ACA2-A61D29B0BDC4}.Release|Any CPU.ActiveCfg = Release|Any CPU
		{8C508BA1-7085-4D34-ACA2-A61D29B0BDC4}.Release|Any CPU.Build.0 = Release|Any CPU
	EndGlobalSection
	GlobalSection(SolutionProperties) = preSolution
		HideSolutionNode = FALSE
	EndGlobalSection
	GlobalSection(ExtensibilityGlobals) = postSolution
		SolutionGuid = {38ED178D-A1C7-49F0-AF14-73DB86F32631}
	EndGlobalSection
EndGlobal
